{
    "_readme": [
        "This file locks the dependencies of your project to a known state",
        "Read more about it at https://getcomposer.org/doc/01-basic-usage.md#composer-lock-the-lock-file",
        "This file is @generated automatically"
    ],
    "hash": "c756845ae97ef092f1ac0d3615c40bdb",
    "content-hash": "9a7f80bb6e28fe5d9ca6c01343da5a77",
    "packages": [
        {
            "name": "objectivco/wordpress-simple-settings",
            "version": "0.4.0",
            "source": {
                "type": "git",
                "url": "https://github.com/Objectivco/wordpress-simple-settings.git",
                "reference": "cd67d8a0989e2273e6b9ef49e388270e0cd4a19d"
            },
            "dist": {
                "type": "zip",
                "url": "https://api.github.com/repos/Objectivco/wordpress-simple-settings/zipball/cd67d8a0989e2273e6b9ef49e388270e0cd4a19d",
                "reference": "cd67d8a0989e2273e6b9ef49e388270e0cd4a19d",
                "shasum": ""
            },
            "require": {
                "php": ">=5.2.0"
            },
            "type": "library",
            "autoload": {
                "classmap": [
                    "src/wordpress-simple-settings.php"
                ]
            },
            "notification-url": "https://packagist.org/downloads/",
            "license": [
                "GPL-3.0+"
            ],
            "authors": [
                {
                    "name": "Clifton Griffin",
                    "email": "clif@objectiv.co"
                }
            ],
            "description": "A minimalist framework for managing WordPress plugin or theme settings.",
            "homepage": "https://github.com/Objectivco/wordpress-simple-settings",
            "time": "2017-06-15 18:26:41"
        }
    ],
    "packages-dev": [],
    "aliases": [],
    "minimum-stability": "stable",
    "stability-flags": [],
    "prefer-stable": false,
    "prefer-lowest": false,
    "platform": [],
    "platform-dev": []
}
